# This file is automatically @generated by Cargo.
# It is not intended for manual editing.
[[package]]
name = "cc"
version = "1.0.32"
source = "registry+https://github.com/rust-lang/crates.io-index"

[[package]]
name = "libc"
version = "0.2.51"
source = "registry+https://github.com/rust-lang/crates.io-index"

[[package]]
name = "userspace-mirror"
version = "0.1.0"
dependencies = [
 "cc 1.0.32 (registry+https://github.com/rust-lang/crates.io-index)",
 "libc 0.2.51 (registry+https://github.com/rust-lang/crates.io-index)",
]

[metadata]
"checksum cc 1.0.32 (registry+https://github.com/rust-lang/crates.io-index)" = "ad0daef304fa0b4238f5f7ed7178774b43b06f6a9b6509f6642bef4ff1f7b9b2"
"checksum libc 0.2.51 (registry+https://github.com/rust-lang/crates.io-index)" = "bedcc7a809076656486ffe045abeeac163da1b558e963a31e29fbfbeba916917"
